{
  "name": "swagger-hook-decorators",
  "version": "0.0.1",
  "lockfileVersion": 1,
  "requires": true,
  "dependencies": {
    "@types/lodash": {
      "version": "4.14.164",
      "resolved": "https://registry.npmjs.org/@types/lodash/-/lodash-4.14.164.tgz",
      "integrity": "sha512-fXCEmONnrtbYUc5014avwBeMdhHHO8YJCkOBflUL9EoJBSKZ1dei+VO74fA7JkTHZ1GvZack2TyIw5U+1lT8jg=="
    },
    "@types/node": {
      "version": "14.14.6",
      "resolved": "https://registry.npmjs.org/@types/node/-/node-14.14.6.tgz",
      "integrity": "sha512-6QlRuqsQ/Ox/aJEQWBEJG7A9+u7oSYl3mem/K8IzxXG/kAGbV1YPD9Bg9Zw3vyxC/YP+zONKwy8hGkSt1jxFMw=="
    },
    "@types/swagger-schema-official": {
      "version": "2.0.21",
      "resolved": "https://registry.npmjs.org/@types/swagger-schema-official/-/swagger-schema-official-2.0.21.tgz",
      "integrity": "sha512-n9BbLOjR4Hre7B4TSGGMPohOgOg8tcp00uxqsIE00uuWQC0QuX57G1bqC1csLsk2DpTGtHkd0dEb3ipsCZ9dAA=="
    },
    "lodash": {
      "version": "4.17.20",
      "resolved": "https://registry.npmjs.org/lodash/-/lodash-4.17.20.tgz",
      "integrity": "sha512-PlhdFcillOINfeV7Ni6oF1TAEayyZBoZ8bcshTHqOYJYlrqzRK5hagpagky5o4HfCzzd1TRkXPMFq6cKk9rGmA=="
    },
    "swagger-schema-official": {
      "version": "2.0.0-bab6bed",
      "resolved": "https://registry.npmjs.org/swagger-schema-official/-/swagger-schema-official-2.0.0-bab6bed.tgz",
      "integrity": "sha1-cAcEaNbSl3ylI3suUZyn0Gouo/0="
    }
  }
}
